<?xml version="1.0" encoding="utf-8"?>
<Project ToolsVersion="4.0" xmlns="http://schemas.microsoft.com/developer/msbuild/2003">
  <ItemGroup>
    <Filter Include="Source Files">
      <UniqueIdentifier>{4FC737F1-C7A5-4376-A066-2A32D752A2FF}</UniqueIdentifier>
      <Extensions>cpp;c;cc;cxx;c++;cppm;ixx;def;odl;idl;hpj;bat;asm;asmx</Extensions>
    </Filter>
    <Filter Include="Header Files">
      <UniqueIdentifier>{93995380-89BD-4b04-88EB-625FBE52EBFB}</UniqueIdentifier>
      <Extensions>h;hh;hpp;hxx;h++;hm;inl;inc;ipp;xsd</Extensions>
    </Filter>
    <Filter Include="Resource Files">
      <UniqueIdentifier>{67DA6AB6-F800-4c08-8B7A-83BB121AAD01}</UniqueIdentifier>
      <Extensions>rc;ico;cur;bmp;dlg;rc2;rct;bin;rgs;gif;jpg;jpeg;jpe;resx;tiff;tif;png;wav;mfcribbon-ms</Extensions>
    </Filter>
    <Filter Include="Resource Files\Data">
      <UniqueIdentifier>{283e1e1f-5d98-41a3-b644-02c11ebc53a2}</UniqueIdentifier>
    </Filter>
    <Filter Include="Resource Files\StorageManagement">
      <UniqueIdentifier>{149c6add-4969-42a7-bf73-7814ff564a65}</UniqueIdentifier>
    </Filter>
    <Filter Include="Header Files\Entities">
      <UniqueIdentifier>{147edd3a-a7dc-4581-9a15-b5e2b3e15437}</UniqueIdentifier>
    </Filter>
    <Filter Include="Header Files\Entities\Products">
      <UniqueIdentifier>{7ad8434f-5ceb-4604-9371-db71540cae99}</UniqueIdentifier>
    </Filter>
  </ItemGroup>
  <ItemGroup>
    <ClCompile Include="Equipment_Inventory.cpp">
      <Filter>Source Files</Filter>
    </ClCompile>
    <ClCompile Include="Date.cpp">
      <Filter>Header Files\Entities</Filter>
    </ClCompile>
    <ClCompile Include="Data.hpp">
      <Filter>Header Files\Entities</Filter>
    </ClCompile>
  </ItemGroup>
  <ItemGroup>
    <ClInclude Include="Ski_and_Sb.hpp">
      <Filter>Header Files\Entities\Products</Filter>
    </ClInclude>
    <ClInclude Include="Date.hpp">
      <Filter>Header Files</Filter>
    </ClInclude>
    <ClInclude Include="Command_Executer.hpp">
      <Filter>Header Files</Filter>
    </ClInclude>
  </ItemGroup>
  <ItemGroup>
    <Text Include="Storage.txt">
      <Filter>Resource Files\Data</Filter>
    </Text>
    <Text Include="c.txt">
      <Filter>Resource Files\Data</Filter>
    </Text>
    <Text Include="temp.txt">
      <Filter>Resource Files\Data</Filter>
    </Text>
  </ItemGroup>
</Project>